// !$*UTF8*$!
{
	archiveVersion = 1;
	classes = {
	};
	objectVersion = 46;
	objects = {

/* Begin PBXBuildFile section */
		FBC7847C1A6F897C00914904 /* main.m in Sources */ = {isa = PBXBuildFile; fileRef = FBC7847B1A6F897C00914904 /* main.m */; };
		FBC7847F1A6F897C00914904 /* AppDelegate.m in Sources */ = {isa = PBXBuildFile; fileRef = FBC7847E1A6F897C00914904 /* AppDelegate.m */; };
		FBC784821A6F897C00914904 /* RootViewController.m in Sources */ = {isa = PBXBuildFile; fileRef = FBC784811A6F897C00914904 /* RootViewController.m */; };
		FBC784851A6F897C00914904 /* Main.storyboard in Resources */ = {isa = PBXBuildFile; fileRef = FBC784831A6F897C00914904 /* Main.storyboard */; };
		FBC784871A6F897C00914904 /* Images.xcassets in Resources */ = {isa = PBXBuildFile; fileRef = FBC784861A6F897C00914904 /* Images.xcassets */; };
		FBC7848A1A6F897C00914904 /* LaunchScreen.xib in Resources */ = {isa = PBXBuildFile; fileRef = FBC784881A6F897C00914904 /* LaunchScreen.xib */; };
		FBC784961A6F897C00914904 /* MyBrowserTests.m in Sources */ = {isa = PBXBuildFile; fileRef = FBC784951A6F897C00914904 /* MyBrowserTests.m */; };
/* End PBXBuildFile section */

/* Begin PBXContainerItemProxy section */
		FBC784901A6F897C00914904 /* PBXContainerItemProxy */ = {
			isa = PBXContainerItemProxy;
			containerPortal = FBC7846E1A6F897C00914904 /* Project object */;
			proxyType = 1;
			remoteGlobalIDString = FBC784751A6F897C00914904;
			remoteInfo = MyBrowser;
		};
/* End PBXContainerItemProxy section */

/* Begin PBXFileReference section */
		FBC784761A6F897C00914904 /* MyBrowser.app */ = {isa = PBXFileReference; explicitFileType = wrapper.application; includeInIndex = 0; path = MyBrowser.app; sourceTree = BUILT_PRODUCTS_DIR; };
		FBC7847A1A6F897C00914904 /* Info.plist */ = {isa = PBXFileReference; lastKnownFileType = text.plist.xml; path = Info.plist; sourceTree = "<group>"; };
		FBC7847B1A6F897C00914904 /* main.m */ = {isa = PBXFileReference; lastKnownFileType = sourcecode.c.objc; path = main.m; sourceTree = "<group>"; };
		FBC7847D1A6F897C00914904 /* AppDelegate.h */ = {isa = PBXFileReference; lastKnownFileType = sourcecode.c.h; path = AppDelegate.h; sourceTree = "<group>"; };
		FBC7847E1A6F897C00914904 /* AppDelegate.m */ = {isa = PBXFileReference; lastKnownFileType = sourcecode.c.objc; path = AppDelegate.m; sourceTree = "<group>"; };
		FBC784801A6F897C00914904 /* RootViewController.h */ = {isa = PBXFileReference; lastKnownFileType = sourcecode.c.h; path = RootViewController.h; sourceTree = "<group>"; };
		FBC784811A6F897C00914904 /* RootViewController.m */ = {isa = PBXFileReference; lastKnownFileType = sourcecode.c.objc; path = RootViewController.m; sourceTree = "<group>"; };
		FBC784841A6F897C00914904 /* Base */ = {isa = PBXFileReference; lastKnownFileType = file.storyboard; name = Base; path = Base.lproj/Main.storyboard; sourceTree = "<group>"; };
		FBC784861A6F897C00914904 /* Images.xcassets */ = {isa = PBXFileReference; lastKnownFileType = folder.assetcatalog; path = Images.xcassets; sourceTree = "<group>"; };
		FBC784891A6F897C00914904 /* Base */ = {isa = PBXFileReference; lastKnownFileType = file.xib; name = Base; path = Base.lproj/LaunchScreen.xib; sourceTree = "<group>"; };
		FBC7848F1A6F897C00914904 /* MyBrowserTests.xctest */ = {isa = PBXFileReference; explicitFileType = wrapper.cfbundle; includeInIndex = 0; path = MyBrowserTests.xctest; sourceTree = BUILT_PRODUCTS_DIR; };
		FBC784941A6F897C00914904 /* Info.plist */ = {isa = PBXFileReference; lastKnownFileType = text.plist.xml; path = Info.plist; sourceTree = "<group>"; };
		FBC784951A6F897C00914904 /* MyBrowserTests.m */ = {isa = PBXFileReference; lastKnownFileType = sourcecode.c.objc; path = MyBrowserTests.m; sourceTree = "<group>"; };
/* End PBXFileReference section */

/* Begin PBXFrameworksBuildPhase section */
		FBC784731A6F897C00914904 /* Frameworks */ = {
			isa = PBXFrameworksBuildPhase;
			buildActionMask = 2147483647;
			files = (
			);
			runOnlyForDeploymentPostprocessing = 0;
		};
		FBC7848C1A6F897C00914904 /* Frameworks */ = {
			isa = PBXFrameworksBuildPhase;
			buildActionMask = 2147483647;
			files = (
			);
			runOnlyForDeploymentPostprocessing = 0;
		};
/* End PBXFrameworksBuildPhase section */

/* Begin PBXGroup section */
		FBC7846D1A6F897C00914904 = {
			isa = PBXGroup;
			children = (
				FBC784781A6F897C00914904 /* MyBrowser */,
				FBC784921A6F897C00914904 /* MyBrowserTests */,
				FBC784771A6F897C00914904 /* Products */,
			);
			sourceTree = "<group>";
		};
		FBC784771A6F897C00914904 /* Products */ = {
			isa = PBXGroup;
			children = (
				FBC784761A6F897C00914904 /* MyBrowser.app */,
				FBC7848F1A6F897C00914904 /* MyBrowserTests.xctest */,
			);
			name = Products;
			sourceTree = "<group>";
		};
		FBC784781A6F897C00914904 /* MyBrowser */ = {
			isa = PBXGroup;
			children = (
				FBC7847D1A6F897C00914904 /* AppDelegate.h */,
				FBC7847E1A6F897C00914904 /* AppDelegate.m */,
				FBC784801A6F897C00914904 /* RootViewController.h */,
				FBC784811A6F897C00914904 /* RootViewController.m */,
				FBC784831A6F897C00914904 /* Main.storyboard */,
				FBC784861A6F897C00914904 /* Images.xcassets */,
				FBC784881A6F897C00914904 /* LaunchScreen.xib */,
				FBC784791A6F897C00914904 /* Supporting Files */,
			);
			path = MyBrowser;
			sourceTree = "<group>";
		};
		FBC784791A6F897C00914904 /* Supporting Files */ = {
			isa = PBXGroup;
			children = (
				FBC7847A1A6F897C00914904 /* Info.plist */,
				FBC7847B1A6F897C00914904 /* main.m */,
			);
			name = "Supporting Files";
			sourceTree = "<group>";
		};
		FBC784921A6F897C00914904 /* MyBrowserTests */ = {
			isa = PBXGroup;
			children = (
				FBC784951A6F897C00914904 /* MyBrowserTests.m */,
				FBC784931A6F897C00914904 /* Supporting Files */,
			);
			path = MyBrowserTests;
			sourceTree = "<group>";
		};
		FBC784931A6F897C00914904 /* Supporting Files */ = {
			isa = PBXGroup;
			children = (
				FBC784941A6F897C00914904 /* Info.plist */,
			);
			name = "Supporting Files";
			sourceTree = "<group>";
		};
/* End PBXGroup section */

/* Begin PBXNativeTarget section */
		FBC784751A6F897C00914904 /* MyBrowser */ = {
			isa = PBXNativeTarget;
			buildConfigurationList = FBC784991A6F897C00914904 /* Build configuration list for PBXNativeTarget "MyBrowser" */;
			buildPhases = (
				FBC784721A6F897C00914904 /* Sources */,
				FBC784731A6F897C00914904 /* Frameworks */,
				FBC784741A6F897C00914904 /* Resources */,
			);
			buildRules = (
			);
			dependencies = (
			);
			name = MyBrowser;
			productName = MyBrowser;
			productReference = FBC784761A6F897C00914904 /* MyBrowser.app */;
			productType = "com.apple.product-type.application";
		};
		FBC7848E1A6F897C00914904 /* MyBrowserTests */ = {
			isa = PBXNativeTarget;
			buildConfigurationList = FBC7849C1A6F897C00914904 /* Build configuration list for PBXNativeTarget "MyBrowserTests" */;
			buildPhases = (
				FBC7848B1A6F897C00914904 /* Sources */,
				FBC7848C1A6F897C00914904 /* Frameworks */,
				FBC7848D1A6F897C00914904 /* Resources */,
			);
			buildRules = (
			);
			dependencies = (
				FBC784911A6F897C00914904 /* PBXTargetDependency */,
			);
			name = MyBrowserTests;
			productName = MyBrowserTests;
			productReference = FBC7848F1A6F897C00914904 /* MyBrowserTests.xctest */;
			productType = "com.apple.product-type.bundle.unit-test";
		};
/* End PBXNativeTarget section */

/* Begin PBXProject section */
		FBC7846E1A6F897C00914904 /* Project object */ = {
			isa = PBXProject;
			attributes = {
				LastUpgradeCheck = 0610;
				ORGANIZATIONNAME = "May Yang";
				TargetAttributes = {
					FBC784751A6F897C00914904 = {
						CreatedOnToolsVersion = 6.1.1;
					};
					FBC7848E1A6F897C00914904 = {
						CreatedOnToolsVersion = 6.1.1;
						TestTargetID = FBC784751A6F897C00914904;
					};
				};
			};
			buildConfigurationList = FBC784711A6F897C00914904 /* Build configuration list for PBXProject "MyBrowser" */;
			compatibilityVersion = "Xcode 3.2";
			developmentRegion = English;
			hasScannedForEncodings = 0;
			knownRegions = (
				en,
				Base,
			);
			mainGroup = FBC7846D1A6F897C00914904;
			productRefGroup = FBC784771A6F897C00914904 /* Products */;
			projectDirPath = "";
			projectRoot = "";
			targets = (
				FBC784751A6F897C00914904 /* MyBrowser */,
				FBC7848E1A6F897C00914904 /* MyBrowserTests */,
			);
		};
/* End PBXProject section */

/* Begin PBXResourcesBuildPhase section */
		FBC784741A6F897C00914904 /* Resources */ = {
			isa = PBXResourcesBuildPhase;
			buildActionMask = 2147483647;
			files = (
				FBC784851A6F897C00914904 /* Main.storyboard in Resources */,
				FBC7848A1A6F897C00914904 /* LaunchScreen.xib in Resources */,
				FBC784871A6F897C00914904 /* Images.xcassets in Resources */,
			);
			runOnlyForDeploymentPostprocessing = 0;
		};
		FBC7848D1A6F897C00914904 /* Resources */ = {
			isa = PBXResourcesBuildPhase;
			buildActionMask = 2147483647;
			files = (
			);
			runOnlyForDeploymentPostprocessing = 0;
		};
/* End PBXResourcesBuildPhase section */

/* Begin PBXSourcesBuildPhase section */
		FBC784721A6F897C00914904 /* Sources */ = {
			isa = PBXSourcesBuildPhase;
			buildActionMask = 2147483647;
			files = (
				FBC784821A6F897C00914904 /* RootViewController.m in Sources */,
				FBC7847F1A6F897C00914904 /* AppDelegate.m in Sources */,
				FBC7847C1A6F897C00914904 /* main.m in Sources */,
			);
			runOnlyForDeploymentPostprocessing = 0;
		};
		FBC7848B1A6F897C00914904 /* Sources */ = {
			isa = PBXSourcesBuildPhase;
			buildActionMask = 2147483647;
			files = (
				FBC784961A6F897C00914904 /* MyBrowserTests.m in Sources */,
			);
			runOnlyForDeploymentPostprocessing = 0;
		};
/* End PBXSourcesBuildPhase section */

/* Begin PBXTargetDependency section */
		FBC784911A6F897C00914904 /* PBXTargetDependency */ = {
			isa = PBXTargetDependency;
			target = FBC784751A6F897C00914904 /* MyBrowser */;
			targetProxy = FBC784901A6F897C00914904 /* PBXContainerItemProxy */;
		};
/* End PBXTargetDependency section */

/* Begin PBXVariantGroup section */
		FBC784831A6F897C00914904 /* Main.storyboard */ = {
			isa = PBXVariantGroup;
			children = (
				FBC784841A6F897C00914904 /* Base */,
			);
			name = Main.storyboard;
			sourceTree = "<group>";
		};
		FBC784881A6F897C00914904 /* LaunchScreen.xib */ = {
			isa = PBXVariantGroup;
			children = (
				FBC784891A6F897C00914904 /* Base */,
			);
			name = LaunchScreen.xib;
			sourceTree = "<group>";
		};
/* End PBXVariantGroup section */

/* Begin XCBuildConfiguration section */
		FBC784971A6F897C00914904 /* Debug */ = {
			isa = XCBuildConfiguration;
			buildSettings = {
				ALWAYS_SEARCH_USER_PATHS = NO;
				CLANG_CXX_LANGUAGE_STANDARD = "gnu++0x";
				CLANG_CXX_LIBRARY = "libc++";
				CLANG_ENABLE_MODULES = YES;
				CLANG_ENABLE_OBJC_ARC = YES;
				CLANG_WARN_BOOL_CONVERSION = YES;
				CLANG_WARN_CONSTANT_CONVERSION = YES;
				CLANG_WARN_DIRECT_OBJC_ISA_USAGE = YES_ERROR;
				CLANG_WARN_EMPTY_BODY = YES;
				CLANG_WARN_ENUM_CONVERSION = YES;
				CLANG_WARN_INT_CONVERSION = YES;
				CLANG_WARN_OBJC_ROOT_CLASS = YES_ERROR;
				CLANG_WARN_UNREACHABLE_CODE = YES;
				CLANG_WARN__DUPLICATE_METHOD_MATCH = YES;
				"CODE_SIGN_IDENTITY[sdk=iphoneos*]" = "iPhone Developer";
				COPY_PHASE_STRIP = NO;
				ENABLE_STRICT_OBJC_MSGSEND = YES;
				GCC_C_LANGUAGE_STANDARD = gnu99;
				GCC_DYNAMIC_NO_PIC = NO;
				GCC_OPTIMIZATION_LEVEL = 0;
				GCC_PREPROCESSOR_DEFINITIONS = (
					"DEBUG=1",
					"$(inherited)",
				);
				GCC_SYMBOLS_PRIVATE_EXTERN = NO;
				GCC_WARN_64_TO_32_BIT_CONVERSION = YES;
				GCC_WARN_ABOUT_RETURN_TYPE = YES_ERROR;
				GCC_WARN_UNDECLARED_SELECTOR = YES;
				GCC_WARN_UNINITIALIZED_AUTOS = YES_AGGRESSIVE;
				GCC_WARN_UNUSED_FUNCTION = YES;
				GCC_WARN_UNUSED_VARIABLE = YES;
				IPHONEOS_DEPLOYMENT_TARGET = 8.1;
				MTL_ENABLE_DEBUG_INFO = YES;
				ONLY_ACTIVE_ARCH = YES;
				SDKROOT = iphoneos;
			};
			name = Debug;
		};
		FBC784981A6F897C00914904 /* Release */ = {
			isa = XCBuildConfiguration;
			buildSettings = {
				ALWAYS_SEARCH_USER_PATHS = NO;
				CLANG_CXX_LANGUAGE_STANDARD = "gnu++0x";
				CLANG_CXX_LIBRARY = "libc++";
				CLANG_ENABLE_MODULES = YES;
				CLANG_ENABLE_OBJC_ARC = YES;
				CLANG_WARN_BOOL_CONVERSION = YES;
				CLANG_WARN_CONSTANT_CONVERSION = YES;
				CLANG_WARN_DIRECT_OBJC_ISA_USAGE = YES_ERROR;
				CLANG_WARN_EMPTY_BODY = YES;
				CLANG_WARN_ENUM_CONVERSION = YES;
				CLANG_WARN_INT_CONVERSION = YES;
				CLANG_WARN_OBJC_ROOT_CLASS = YES_ERROR;
				CLANG_WARN_UNREACHABLE_CODE = YES;
				CLANG_WARN__DUPLICATE_METHOD_MATCH = YES;
				"CODE_SIGN_IDENTITY[sdk=iphoneos*]" = "iPhone Developer";
				COPY_PHASE_STRIP = YES;
				ENABLE_NS_ASSERTIONS = NO;
				ENABLE_STRICT_OBJC_MSGSEND = YES;
				GCC_C_LANGUAGE_STANDARD = gnu99;
				GCC_WARN_64_TO_32_BIT_CONVERSION = YES;
				GCC_WARN_ABOUT_RETURN_TYPE = YES_ERROR;
				GCC_WARN_UNDECLARED_SELECTOR = YES;
				GCC_WARN_UNINITIALIZED_AUTOS = YES_AGGRESSIVE;
				GCC_WARN_UNUSED_FUNCTION = YES;
				GCC_WARN_UNUSED_VARIABLE = YES;
				IPHONEOS_DEPLOYMENT_TARGET = 8.1;
				MTL_ENABLE_DEBUG_INFO = NO;
				SDKROOT = iphoneos;
				VALIDATE_PRODUCT = YES;
			};
			name = Release;
		};
		FBC7849A1A6F897C00914904 /* Debug */ = {
			isa = XCBuildConfiguration;
			buildSettings = {
				ASSETCATALOG_COMPILER_APPICON_NAME = AppIcon;
				INFOPLIST_FILE = MyBrowser/Info.plist;
				LD_RUNPATH_SEARCH_PATHS = "$(inherited) @executable_path/Frameworks";
				PRODUCT_NAME = "$(TARGET_NAME)";
			};
			name = Debug;
		};
		FBC7849B1A6F897C00914904 /* Release */ = {
			isa = XCBuildConfiguration;
			buildSettings = {
				ASSETCATALOG_COMPILER_APPICON_NAME = AppIcon;
				INFOPLIST_FILE = MyBrowser/Info.plist;
				LD_RUNPATH_SEARCH_PATHS = "$(inherited) @executable_path/Frameworks";
				PRODUCT_NAME = "$(TARGET_NAME)";
			};
			name = Release;
		};
		FBC7849D1A6F897C00914904 /* Debug */ = {
			isa = XCBuildConfiguration;
			buildSettings = {
				BUNDLE_LOADER = "$(TEST_HOST)";
				FRAMEWORK_SEARCH_PATHS = (
					"$(SDKROOT)/Developer/Library/Frameworks",
					"$(inherited)",
				);
				GCC_PREPROCESSOR_DEFINITIONS = (
					"DEBUG=1",
					"$(inherited)",
				);
				INFOPLIST_FILE = MyBrowserTests/Info.plist;
				LD_RUNPATH_SEARCH_PATHS = "$(inherited) @executable_path/Frameworks @loader_path/Frameworks";
				PRODUCT_NAME = "$(TARGET_NAME)";
				TEST_HOST = "$(BUILT_PRODUCTS_DIR)/MyBrowser.app/MyBrowser";
			};
			name = Debug;
		};
		FBC7849E1A6F897C00914904 /* Release */ = {
			isa = XCBuildConfiguration;
			buildSettings = {
				BUNDLE_LOADER = "$(TEST_HOST)";
				FRAMEWORK_SEARCH_PATHS = (
					"$(SDKROOT)/Developer/Library/Frameworks",
					"$(inherited)",
				);
				INFOPLIST_FILE = MyBrowserTests/Info.plist;
				LD_RUNPATH_SEARCH_PATHS = "$(inherited) @executable_path/Frameworks @loader_path/Frameworks";
				PRODUCT_NAME = "$(TARGET_NAME)";
				TEST_HOST = "$(BUILT_PRODUCTS_DIR)/MyBrowser.app/MyBrowser";
			};
			name = Release;
		};
/* End XCBuildConfiguration section */

/* Begin XCConfigurationList section */
		FBC784711A6F897C00914904 /* Build configuration list for PBXProject "MyBrowser" */ = {
			isa = XCConfigurationList;
			buildConfigurations = (
				FBC784971A6F897C00914904 /* Debug */,
				FBC784981A6F897C00914904 /* Release */,
			);
			defaultConfigurationIsVisible = 0;
			defaultConfigurationName = Release;
		};
		FBC784991A6F897C00914904 /* Build configuration list for PBXNativeTarget "MyBrowser" */ = {
			isa = XCConfigurationList;
			buildConfigurations = (
				FBC7849A1A6F897C00914904 /* Debug */,
				FBC7849B1A6F897C00914904 /* Release */,
			);
			defaultConfigurationIsVisible = 0;
		};
		FBC7849C1A6F897C00914904 /* Build configuration list for PBXNativeTarget "MyBrowserTests" */ = {
			isa = XCConfigurationList;
			buildConfigurations = (
				FBC7849D1A6F897C00914904 /* Debug */,
				FBC7849E1A6F897C00914904 /* Release */,
			);
			defaultConfigurationIsVisible = 0;
		};
/* End XCConfigurationList section */
	};
	rootObject = FBC7846E1A6F897C00914904 /* Project object */;
}
